
Microsoft Visual Studio Solution File, Format Version 12.00
# Visual Studio Version 17
VisualStudioVersion = 17.0.31919.166
MinimumVisualStudioVersion = 10.0.40219.1
Project("{FAE04EC0-301F-11D3-BF4B-00C04F79EFBC}") = "DESAFIO", "DESAFIO\DESAFIO.csproj", "{B3C1D6E7-F93F-4873-A0D5-089B5A4A3081}"
EndProject
Global
	GlobalSection(SolutionConfigurationPlatforms) = preSolution
		Debug|Any CPU = Debug|Any CPU
		Release|Any CPU = Release|Any CPU
	EndGlobalSection
	GlobalSection(ProjectConfigurationPlatforms) = postSolution
		{B3C1D6E7-F93F-4873-A0D5-089B5A4A3081}.Debug|Any CPU.ActiveCfg = Debug|Any CPU
		{B3C1D6E7-F93F-4873-A0D5-089B5A4A3081}.Debug|Any CPU.Build.0 = Debug|Any CPU
		{B3C1D6E7-F93F-4873-A0D5-089B5A4A3081}.Release|Any CPU.ActiveCfg = Release|Any CPU
		{B3C1D6E7-F93F-4873-A0D5-089B5A4A3081}.Release|Any CPU.Build.0 = Release|Any CPU
	EndGlobalSection
	GlobalSection(SolutionProperties) = preSolution
		HideSolutionNode = FALSE
	EndGlobalSection
	GlobalSection(ExtensibilityGlobals) = postSolution
		SolutionGuid = {9544A40F-B688-4A01-924F-5273DAB2F59D}
	EndGlobalSection
EndGlobal
